
Microsoft Visual Studio Solution File, Format Version 12.00
# Visual Studio Version 17
VisualStudioVersion = 17.5.002.0
MinimumVisualStudioVersion = 10.0.40219.1
Project("{9A19103F-16F7-4668-BE54-9A1E7A4F7556}") = "Seed", "Seed.csproj", "{82AE3043-6672-4000-885A-0C545E6B8146}"
EndProject
Global
	GlobalSection(SolutionConfigurationPlatforms) = preSolution
		Debug|Any CPU = Debug|Any CPU
		Release|Any CPU = Release|Any CPU
	EndGlobalSection
	GlobalSection(ProjectConfigurationPlatforms) = postSolution
		{82AE3043-6672-4000-885A-0C545E6B8146}.Debug|Any CPU.ActiveCfg = Debug|Any CPU
		{82AE3043-6672-4000-885A-0C545E6B8146}.Debug|Any CPU.Build.0 = Debug|Any CPU
		{82AE3043-6672-4000-885A-0C545E6B8146}.Release|Any CPU.ActiveCfg = Release|Any CPU
		{82AE3043-6672-4000-885A-0C545E6B8146}.Release|Any CPU.Build.0 = Release|Any CPU
	EndGlobalSection
	GlobalSection(SolutionProperties) = preSolution
		HideSolutionNode = FALSE
	EndGlobalSection
	GlobalSection(ExtensibilityGlobals) = postSolution
		SolutionGuid = {FC92E78A-B3D1-4EA7-B576-87B5483ED3FE}
	EndGlobalSection
EndGlobal
